
Microsoft Visual Studio Solution File, Format Version 12.00
# Visual Studio 15
VisualStudioVersion = 15.0.28307.1022
MinimumVisualStudioVersion = 10.0.40219.1
Project("{8BC9CEB8-8B4A-11D0-8D11-00A0C91BC942}") = "Image Binarization", "Image Binarization\Image Binarization.vcxproj", "{D617BBAC-86D4-48B6-AB52-6F32DB72B533}"
EndProject
Global
	GlobalSection(SolutionConfigurationPlatforms) = preSolution
		Debug|x64 = Debug|x64
		Debug|x86 = Debug|x86
		Release|x64 = Release|x64
		Release|x86 = Release|x86
	EndGlobalSection
	GlobalSection(ProjectConfigurationPlatforms) = postSolution
		{D617BBAC-86D4-48B6-AB52-6F32DB72B533}.Debug|x64.ActiveCfg = Debug|x64
		{D617BBAC-86D4-48B6-AB52-6F32DB72B533}.Debug|x64.Build.0 = Debug|x64
		{D617BBAC-86D4-48B6-AB52-6F32DB72B533}.Debug|x86.ActiveCfg = Debug|Win32
		{D617BBAC-86D4-48B6-AB52-6F32DB72B533}.Debug|x86.Build.0 = Debug|Win32
		{D617BBAC-86D4-48B6-AB52-6F32DB72B533}.Release|x64.ActiveCfg = Release|x64
		{D617BBAC-86D4-48B6-AB52-6F32DB72B533}.Release|x64.Build.0 = Release|x64
		{D617BBAC-86D4-48B6-AB52-6F32DB72B533}.Release|x86.ActiveCfg = Release|Win32
		{D617BBAC-86D4-48B6-AB52-6F32DB72B533}.Release|x86.Build.0 = Release|Win32
	EndGlobalSection
	GlobalSection(SolutionProperties) = preSolution
		HideSolutionNode = FALSE
	EndGlobalSection
	GlobalSection(ExtensibilityGlobals) = postSolution
		SolutionGuid = {BBA7F77C-B76E-4ECC-B4C1-9FC2932A3EB5}
	EndGlobalSection
EndGlobal
